// !$*UTF8*$!
{
	archiveVersion = 1;
	classes = {
	};
	objectVersion = 46;
	objects = {

/* Begin PBXBuildFile section */
		70684B402837C9C7F9BD7A0B /* Pods_DevChat.framework in Frameworks */ = {isa = PBXBuildFile; fileRef = B29B79DA30CD69AC490FA385 /* Pods_DevChat.framework */; };
		D82EA31A1DD91BAC00F07762 /* AppDelegate.swift in Sources */ = {isa = PBXBuildFile; fileRef = D82EA3191DD91BAC00F07762 /* AppDelegate.swift */; };
		D82EA31C1DD91BAC00F07762 /* CameraVC.swift in Sources */ = {isa = PBXBuildFile; fileRef = D82EA31B1DD91BAC00F07762 /* CameraVC.swift */; };
		D82EA31F1DD91BAC00F07762 /* Main.storyboard in Resources */ = {isa = PBXBuildFile; fileRef = D82EA31D1DD91BAC00F07762 /* Main.storyboard */; };
		D82EA3211DD91BAC00F07762 /* Assets.xcassets in Resources */ = {isa = PBXBuildFile; fileRef = D82EA3201DD91BAC00F07762 /* Assets.xcassets */; };
		D82EA3241DD91BAC00F07762 /* LaunchScreen.storyboard in Resources */ = {isa = PBXBuildFile; fileRef = D82EA3221DD91BAC00F07762 /* LaunchScreen.storyboard */; };
		D82EA3351DD91C3700F07762 /* AVCamPreviewView.m in Sources */ = {isa = PBXBuildFile; fileRef = D82EA3301DD91C3700F07762 /* AVCamPreviewView.m */; };
		D82EA3361DD91C3700F07762 /* AVCamCameraViewController.m in Sources */ = {isa = PBXBuildFile; fileRef = D82EA3321DD91C3700F07762 /* AVCamCameraViewController.m */; };
		D82EA3371DD91C3700F07762 /* AVCamPhotoCaptureDelegate.m in Sources */ = {isa = PBXBuildFile; fileRef = D82EA3341DD91C3700F07762 /* AVCamPhotoCaptureDelegate.m */; };
		D841513B1DDE8A2800F1FB08 /* RoundedButton.swift in Sources */ = {isa = PBXBuildFile; fileRef = D841513A1DDE8A2800F1FB08 /* RoundedButton.swift */; };
		D8ED3BAF1DDE3A6C001C2D0F /* RoundTextField.swift in Sources */ = {isa = PBXBuildFile; fileRef = D8ED3BAE1DDE3A6C001C2D0F /* RoundTextField.swift */; };
		D8F07FF81DDD8E1000B540F8 /* GoogleService-Info.plist in Resources */ = {isa = PBXBuildFile; fileRef = D8F07FF71DDD8E1000B540F8 /* GoogleService-Info.plist */; };
/* End PBXBuildFile section */

/* Begin PBXFileReference section */
		B29B79DA30CD69AC490FA385 /* Pods_DevChat.framework */ = {isa = PBXFileReference; explicitFileType = wrapper.framework; includeInIndex = 0; path = Pods_DevChat.framework; sourceTree = BUILT_PRODUCTS_DIR; };
		C8FB08B6B1371CB1FB810291 /* Pods-DevChat.debug.xcconfig */ = {isa = PBXFileReference; includeInIndex = 1; lastKnownFileType = text.xcconfig; name = "Pods-DevChat.debug.xcconfig"; path = "Pods/Target Support Files/Pods-DevChat/Pods-DevChat.debug.xcconfig"; sourceTree = "<group>"; };
		D538CA0D8284CE9EAEFFA502 /* Pods-DevChat.release.xcconfig */ = {isa = PBXFileReference; includeInIndex = 1; lastKnownFileType = text.xcconfig; name = "Pods-DevChat.release.xcconfig"; path = "Pods/Target Support Files/Pods-DevChat/Pods-DevChat.release.xcconfig"; sourceTree = "<group>"; };
		D82EA3161DD91BAC00F07762 /* DevChat.app */ = {isa = PBXFileReference; explicitFileType = wrapper.application; includeInIndex = 0; path = DevChat.app; sourceTree = BUILT_PRODUCTS_DIR; };
		D82EA3191DD91BAC00F07762 /* AppDelegate.swift */ = {isa = PBXFileReference; lastKnownFileType = sourcecode.swift; path = AppDelegate.swift; sourceTree = "<group>"; };
		D82EA31B1DD91BAC00F07762 /* CameraVC.swift */ = {isa = PBXFileReference; lastKnownFileType = sourcecode.swift; path = CameraVC.swift; sourceTree = "<group>"; };
		D82EA31E1DD91BAC00F07762 /* Base */ = {isa = PBXFileReference; lastKnownFileType = file.storyboard; name = Base; path = Base.lproj/Main.storyboard; sourceTree = "<group>"; };
		D82EA3201DD91BAC00F07762 /* Assets.xcassets */ = {isa = PBXFileReference; lastKnownFileType = folder.assetcatalog; path = Assets.xcassets; sourceTree = "<group>"; };
		D82EA3231DD91BAC00F07762 /* Base */ = {isa = PBXFileReference; lastKnownFileType = file.storyboard; name = Base; path = Base.lproj/LaunchScreen.storyboard; sourceTree = "<group>"; };
		D82EA3251DD91BAC00F07762 /* Info.plist */ = {isa = PBXFileReference; lastKnownFileType = text.plist.xml; path = Info.plist; sourceTree = "<group>"; };
		D82EA32E1DD91C3700F07762 /* DevChat-Bridging-Header.h */ = {isa = PBXFileReference; lastKnownFileType = sourcecode.c.h; path = "DevChat-Bridging-Header.h"; sourceTree = "<group>"; };
		D82EA32F1DD91C3700F07762 /* AVCamPreviewView.h */ = {isa = PBXFileReference; fileEncoding = 4; lastKnownFileType = sourcecode.c.h; path = AVCamPreviewView.h; sourceTree = "<group>"; };
		D82EA3301DD91C3700F07762 /* AVCamPreviewView.m */ = {isa = PBXFileReference; fileEncoding = 4; lastKnownFileType = sourcecode.c.objc; path = AVCamPreviewView.m; sourceTree = "<group>"; };
		D82EA3311DD91C3700F07762 /* AVCamCameraViewController.h */ = {isa = PBXFileReference; fileEncoding = 4; lastKnownFileType = sourcecode.c.h; path = AVCamCameraViewController.h; sourceTree = "<group>"; };
		D82EA3321DD91C3700F07762 /* AVCamCameraViewController.m */ = {isa = PBXFileReference; fileEncoding = 4; lastKnownFileType = sourcecode.c.objc; path = AVCamCameraViewController.m; sourceTree = "<group>"; };
		D82EA3331DD91C3700F07762 /* AVCamPhotoCaptureDelegate.h */ = {isa = PBXFileReference; fileEncoding = 4; lastKnownFileType = sourcecode.c.h; path = AVCamPhotoCaptureDelegate.h; sourceTree = "<group>"; };
		D82EA3341DD91C3700F07762 /* AVCamPhotoCaptureDelegate.m */ = {isa = PBXFileReference; fileEncoding = 4; lastKnownFileType = sourcecode.c.objc; path = AVCamPhotoCaptureDelegate.m; sourceTree = "<group>"; };
		D841513A1DDE8A2800F1FB08 /* RoundedButton.swift */ = {isa = PBXFileReference; fileEncoding = 4; lastKnownFileType = sourcecode.swift; path = RoundedButton.swift; sourceTree = "<group>"; };
		D8ED3BAE1DDE3A6C001C2D0F /* RoundTextField.swift */ = {isa = PBXFileReference; fileEncoding = 4; lastKnownFileType = sourcecode.swift; path = RoundTextField.swift; sourceTree = "<group>"; };
		D8F07FF61DDD783B00B540F8 /* AAPLCameraVCDelegate.h */ = {isa = PBXFileReference; fileEncoding = 4; lastKnownFileType = sourcecode.c.h; path = AAPLCameraVCDelegate.h; sourceTree = "<group>"; };
		D8F07FF71DDD8E1000B540F8 /* GoogleService-Info.plist */ = {isa = PBXFileReference; fileEncoding = 4; lastKnownFileType = text.plist.xml; path = "GoogleService-Info.plist"; sourceTree = "<group>"; };
/* End PBXFileReference section */

/* Begin PBXFrameworksBuildPhase section */
		D82EA3131DD91BAC00F07762 /* Frameworks */ = {
			isa = PBXFrameworksBuildPhase;
			buildActionMask = 2147483647;
			files = (
				70684B402837C9C7F9BD7A0B /* Pods_DevChat.framework in Frameworks */,
			);
			runOnlyForDeploymentPostprocessing = 0;
		};
/* End PBXFrameworksBuildPhase section */

/* Begin PBXGroup section */
		198D0B55ADDBF6BC36270D4C /* Frameworks */ = {
			isa = PBXGroup;
			children = (
				B29B79DA30CD69AC490FA385 /* Pods_DevChat.framework */,
			);
			name = Frameworks;
			sourceTree = "<group>";
		};
		B19A475A027FBF1DF2824E3E /* Pods */ = {
			isa = PBXGroup;
			children = (
				C8FB08B6B1371CB1FB810291 /* Pods-DevChat.debug.xcconfig */,
				D538CA0D8284CE9EAEFFA502 /* Pods-DevChat.release.xcconfig */,
			);
			name = Pods;
			sourceTree = "<group>";
		};
		D82EA30D1DD91BAC00F07762 = {
			isa = PBXGroup;
			children = (
				D82EA3181DD91BAC00F07762 /* DevChat */,
				D82EA3171DD91BAC00F07762 /* Products */,
				B19A475A027FBF1DF2824E3E /* Pods */,
				198D0B55ADDBF6BC36270D4C /* Frameworks */,
			);
			sourceTree = "<group>";
		};
		D82EA3171DD91BAC00F07762 /* Products */ = {
			isa = PBXGroup;
			children = (
				D82EA3161DD91BAC00F07762 /* DevChat.app */,
			);
			name = Products;
			sourceTree = "<group>";
		};
		D82EA3181DD91BAC00F07762 /* DevChat */ = {
			isa = PBXGroup;
			children = (
				EAE0326D1DDD3200004C7459 /* Protocols */,
				D82EA32B1DD91BE600F07762 /* Controller */,
				D82EA32C1DD91BE900F07762 /* View */,
				D82EA32D1DD91BF800F07762 /* Delegate */,
				D82EA31D1DD91BAC00F07762 /* Main.storyboard */,
				D82EA3201DD91BAC00F07762 /* Assets.xcassets */,
				D82EA3221DD91BAC00F07762 /* LaunchScreen.storyboard */,
				D82EA3251DD91BAC00F07762 /* Info.plist */,
				D82EA32E1DD91C3700F07762 /* DevChat-Bridging-Header.h */,
				D8F07FF71DDD8E1000B540F8 /* GoogleService-Info.plist */,
			);
			path = DevChat;
			sourceTree = "<group>";
		};
		D82EA32B1DD91BE600F07762 /* Controller */ = {
			isa = PBXGroup;
			children = (
				D82EA3311DD91C3700F07762 /* AVCamCameraViewController.h */,
				D82EA3321DD91C3700F07762 /* AVCamCameraViewController.m */,
				D82EA31B1DD91BAC00F07762 /* CameraVC.swift */,
			);
			name = Controller;
			sourceTree = "<group>";
		};
		D82EA32C1DD91BE900F07762 /* View */ = {
			isa = PBXGroup;
			children = (
				D82EA32F1DD91C3700F07762 /* AVCamPreviewView.h */,
				D82EA3301DD91C3700F07762 /* AVCamPreviewView.m */,
				D8ED3BAE1DDE3A6C001C2D0F /* RoundTextField.swift */,
				D841513A1DDE8A2800F1FB08 /* RoundedButton.swift */,
			);
			name = View;
			sourceTree = "<group>";
		};
		D82EA32D1DD91BF800F07762 /* Delegate */ = {
			isa = PBXGroup;
			children = (
				D82EA3191DD91BAC00F07762 /* AppDelegate.swift */,
				D82EA3331DD91C3700F07762 /* AVCamPhotoCaptureDelegate.h */,
				D82EA3341DD91C3700F07762 /* AVCamPhotoCaptureDelegate.m */,
			);
			name = Delegate;
			sourceTree = "<group>";
		};
		EAE0326D1DDD3200004C7459 /* Protocols */ = {
			isa = PBXGroup;
			children = (
				D8F07FF61DDD783B00B540F8 /* AAPLCameraVCDelegate.h */,
			);
			name = Protocols;
			sourceTree = "<group>";
		};
/* End PBXGroup section */

/* Begin PBXNativeTarget section */
		D82EA3151DD91BAC00F07762 /* DevChat */ = {
			isa = PBXNativeTarget;
			buildConfigurationList = D82EA3281DD91BAC00F07762 /* Build configuration list for PBXNativeTarget "DevChat" */;
			buildPhases = (
				FDC357770B13008A9D78D2B3 /* [CP] Check Pods Manifest.lock */,
				D82EA3121DD91BAC00F07762 /* Sources */,
				D82EA3131DD91BAC00F07762 /* Frameworks */,
				D82EA3141DD91BAC00F07762 /* Resources */,
				362D5EEABEF110A203B89DC7 /* [CP] Embed Pods Frameworks */,
				C775851175FBF17F884C5354 /* [CP] Copy Pods Resources */,
			);
			buildRules = (
			);
			dependencies = (
			);
			name = DevChat;
			productName = DevChat;
			productReference = D82EA3161DD91BAC00F07762 /* DevChat.app */;
			productType = "com.apple.product-type.application";
		};
/* End PBXNativeTarget section */

/* Begin PBXProject section */
		D82EA30E1DD91BAC00F07762 /* Project object */ = {
			isa = PBXProject;
			attributes = {
				LastSwiftUpdateCheck = 0810;
				LastUpgradeCheck = 0810;
				ORGANIZATIONNAME = "Richard Cuico";
				TargetAttributes = {
					D82EA3151DD91BAC00F07762 = {
						CreatedOnToolsVersion = 8.1;
						DevelopmentTeam = 5LCQX3CS6E;
						LastSwiftMigration = 0810;
						ProvisioningStyle = Automatic;
					};
				};
			};
			buildConfigurationList = D82EA3111DD91BAC00F07762 /* Build configuration list for PBXProject "DevChat" */;
			compatibilityVersion = "Xcode 3.2";
			developmentRegion = English;
			hasScannedForEncodings = 0;
			knownRegions = (
				en,
				Base,
			);
			mainGroup = D82EA30D1DD91BAC00F07762;
			productRefGroup = D82EA3171DD91BAC00F07762 /* Products */;
			projectDirPath = "";
			projectRoot = "";
			targets = (
				D82EA3151DD91BAC00F07762 /* DevChat */,
			);
		};
/* End PBXProject section */

/* Begin PBXResourcesBuildPhase section */
		D82EA3141DD91BAC00F07762 /* Resources */ = {
			isa = PBXResourcesBuildPhase;
			buildActionMask = 2147483647;
			files = (
				D82EA3241DD91BAC00F07762 /* LaunchScreen.storyboard in Resources */,
				D8F07FF81DDD8E1000B540F8 /* GoogleService-Info.plist in Resources */,
				D82EA3211DD91BAC00F07762 /* Assets.xcassets in Resources */,
				D82EA31F1DD91BAC00F07762 /* Main.storyboard in Resources */,
			);
			runOnlyForDeploymentPostprocessing = 0;
		};
/* End PBXResourcesBuildPhase section */

/* Begin PBXShellScriptBuildPhase section */
		362D5EEABEF110A203B89DC7 /* [CP] Embed Pods Frameworks */ = {
			isa = PBXShellScriptBuildPhase;
			buildActionMask = 2147483647;
			files = (
			);
			inputPaths = (
			);
			name = "[CP] Embed Pods Frameworks";
			outputPaths = (
			);
			runOnlyForDeploymentPostprocessing = 0;
			shellPath = /bin/sh;
			shellScript = "\"${SRCROOT}/Pods/Target Support Files/Pods-DevChat/Pods-DevChat-frameworks.sh\"\n";
			showEnvVarsInLog = 0;
		};
		C775851175FBF17F884C5354 /* [CP] Copy Pods Resources */ = {
			isa = PBXShellScriptBuildPhase;
			buildActionMask = 2147483647;
			files = (
			);
			inputPaths = (
			);
			name = "[CP] Copy Pods Resources";
			outputPaths = (
			);
			runOnlyForDeploymentPostprocessing = 0;
			shellPath = /bin/sh;
			shellScript = "\"${SRCROOT}/Pods/Target Support Files/Pods-DevChat/Pods-DevChat-resources.sh\"\n";
			showEnvVarsInLog = 0;
		};
		FDC357770B13008A9D78D2B3 /* [CP] Check Pods Manifest.lock */ = {
			isa = PBXShellScriptBuildPhase;
			buildActionMask = 2147483647;
			files = (
			);
			inputPaths = (
			);
			name = "[CP] Check Pods Manifest.lock";
			outputPaths = (
			);
			runOnlyForDeploymentPostprocessing = 0;
			shellPath = /bin/sh;
			shellScript = "diff \"${PODS_ROOT}/../Podfile.lock\" \"${PODS_ROOT}/Manifest.lock\" > /dev/null\nif [ $? != 0 ] ; then\n    # print error to STDERR\n    echo \"error: The sandbox is not in sync with the Podfile.lock. Run 'pod install' or update your CocoaPods installation.\" >&2\n    exit 1\nfi\n";
			showEnvVarsInLog = 0;
		};
/* End PBXShellScriptBuildPhase section */

/* Begin PBXSourcesBuildPhase section */
		D82EA3121DD91BAC00F07762 /* Sources */ = {
			isa = PBXSourcesBuildPhase;
			buildActionMask = 2147483647;
			files = (
				D82EA3371DD91C3700F07762 /* AVCamPhotoCaptureDelegate.m in Sources */,
				D82EA31C1DD91BAC00F07762 /* CameraVC.swift in Sources */,
				D82EA31A1DD91BAC00F07762 /* AppDelegate.swift in Sources */,
				D82EA3361DD91C3700F07762 /* AVCamCameraViewController.m in Sources */,
				D841513B1DDE8A2800F1FB08 /* RoundedButton.swift in Sources */,
				D8ED3BAF1DDE3A6C001C2D0F /* RoundTextField.swift in Sources */,
				D82EA3351DD91C3700F07762 /* AVCamPreviewView.m in Sources */,
			);
			runOnlyForDeploymentPostprocessing = 0;
		};
/* End PBXSourcesBuildPhase section */

/* Begin PBXVariantGroup section */
		D82EA31D1DD91BAC00F07762 /* Main.storyboard */ = {
			isa = PBXVariantGroup;
			children = (
				D82EA31E1DD91BAC00F07762 /* Base */,
			);
			name = Main.storyboard;
			sourceTree = "<group>";
		};
		D82EA3221DD91BAC00F07762 /* LaunchScreen.storyboard */ = {
			isa = PBXVariantGroup;
			children = (
				D82EA3231DD91BAC00F07762 /* Base */,
			);
			name = LaunchScreen.storyboard;
			sourceTree = "<group>";
		};
/* End PBXVariantGroup section */

/* Begin XCBuildConfiguration section */
		D82EA3261DD91BAC00F07762 /* Debug */ = {
			isa = XCBuildConfiguration;
			buildSettings = {
				ALWAYS_SEARCH_USER_PATHS = NO;
				CLANG_ANALYZER_NONNULL = YES;
				CLANG_CXX_LANGUAGE_STANDARD = "gnu++0x";
				CLANG_CXX_LIBRARY = "libc++";
				CLANG_ENABLE_MODULES = YES;
				CLANG_ENABLE_OBJC_ARC = YES;
				CLANG_WARN_BOOL_CONVERSION = YES;
				CLANG_WARN_CONSTANT_CONVERSION = YES;
				CLANG_WARN_DIRECT_OBJC_ISA_USAGE = YES_ERROR;
				CLANG_WARN_DOCUMENTATION_COMMENTS = YES;
				CLANG_WARN_EMPTY_BODY = YES;
				CLANG_WARN_ENUM_CONVERSION = YES;
				CLANG_WARN_INFINITE_RECURSION = YES;
				CLANG_WARN_INT_CONVERSION = YES;
				CLANG_WARN_OBJC_ROOT_CLASS = YES_ERROR;
				CLANG_WARN_SUSPICIOUS_MOVES = YES;
				CLANG_WARN_UNREACHABLE_CODE = YES;
				CLANG_WARN__DUPLICATE_METHOD_MATCH = YES;
				"CODE_SIGN_IDENTITY[sdk=iphoneos*]" = "iPhone Developer";
				COPY_PHASE_STRIP = NO;
				DEBUG_INFORMATION_FORMAT = dwarf;
				ENABLE_STRICT_OBJC_MSGSEND = YES;
				ENABLE_TESTABILITY = YES;
				GCC_C_LANGUAGE_STANDARD = gnu99;
				GCC_DYNAMIC_NO_PIC = NO;
				GCC_NO_COMMON_BLOCKS = YES;
				GCC_OPTIMIZATION_LEVEL = 0;
				GCC_PREPROCESSOR_DEFINITIONS = (
					"DEBUG=1",
					"$(inherited)",
				);
				GCC_WARN_64_TO_32_BIT_CONVERSION = YES;
				GCC_WARN_ABOUT_RETURN_TYPE = YES_ERROR;
				GCC_WARN_UNDECLARED_SELECTOR = YES;
				GCC_WARN_UNINITIALIZED_AUTOS = YES_AGGRESSIVE;
				GCC_WARN_UNUSED_FUNCTION = YES;
				GCC_WARN_UNUSED_VARIABLE = YES;
				IPHONEOS_DEPLOYMENT_TARGET = 10.1;
				MTL_ENABLE_DEBUG_INFO = YES;
				ONLY_ACTIVE_ARCH = YES;
				SDKROOT = iphoneos;
				SWIFT_ACTIVE_COMPILATION_CONDITIONS = DEBUG;
				SWIFT_OPTIMIZATION_LEVEL = "-Onone";
				TARGETED_DEVICE_FAMILY = "1,2";
			};
			name = Debug;
		};
		D82EA3271DD91BAC00F07762 /* Release */ = {
			isa = XCBuildConfiguration;
			buildSettings = {
				ALWAYS_SEARCH_USER_PATHS = NO;
				CLANG_ANALYZER_NONNULL = YES;
				CLANG_CXX_LANGUAGE_STANDARD = "gnu++0x";
				CLANG_CXX_LIBRARY = "libc++";
				CLANG_ENABLE_MODULES = YES;
				CLANG_ENABLE_OBJC_ARC = YES;
				CLANG_WARN_BOOL_CONVERSION = YES;
				CLANG_WARN_CONSTANT_CONVERSION = YES;
				CLANG_WARN_DIRECT_OBJC_ISA_USAGE = YES_ERROR;
				CLANG_WARN_DOCUMENTATION_COMMENTS = YES;
				CLANG_WARN_EMPTY_BODY = YES;
				CLANG_WARN_ENUM_CONVERSION = YES;
				CLANG_WARN_INFINITE_RECURSION = YES;
				CLANG_WARN_INT_CONVERSION = YES;
				CLANG_WARN_OBJC_ROOT_CLASS = YES_ERROR;
				CLANG_WARN_SUSPICIOUS_MOVES = YES;
				CLANG_WARN_UNREACHABLE_CODE = YES;
				CLANG_WARN__DUPLICATE_METHOD_MATCH = YES;
				"CODE_SIGN_IDENTITY[sdk=iphoneos*]" = "iPhone Developer";
				COPY_PHASE_STRIP = NO;
				DEBUG_INFORMATION_FORMAT = "dwarf-with-dsym";
				ENABLE_NS_ASSERTIONS = NO;
				ENABLE_STRICT_OBJC_MSGSEND = YES;
				GCC_C_LANGUAGE_STANDARD = gnu99;
				GCC_NO_COMMON_BLOCKS = YES;
				GCC_WARN_64_TO_32_BIT_CONVERSION = YES;
				GCC_WARN_ABOUT_RETURN_TYPE = YES_ERROR;
				GCC_WARN_UNDECLARED_SELECTOR = YES;
				GCC_WARN_UNINITIALIZED_AUTOS = YES_AGGRESSIVE;
				GCC_WARN_UNUSED_FUNCTION = YES;
				GCC_WARN_UNUSED_VARIABLE = YES;
				IPHONEOS_DEPLOYMENT_TARGET = 10.1;
				MTL_ENABLE_DEBUG_INFO = NO;
				SDKROOT = iphoneos;
				SWIFT_OPTIMIZATION_LEVEL = "-Owholemodule";
				TARGETED_DEVICE_FAMILY = "1,2";
				VALIDATE_PRODUCT = YES;
			};
			name = Release;
		};
		D82EA3291DD91BAC00F07762 /* Debug */ = {
			isa = XCBuildConfiguration;
			baseConfigurationReference = C8FB08B6B1371CB1FB810291 /* Pods-DevChat.debug.xcconfig */;
			buildSettings = {
				ASSETCATALOG_COMPILER_APPICON_NAME = AppIcon;
				CLANG_ENABLE_MODULES = YES;
				DEVELOPMENT_TEAM = 5LCQX3CS6E;
				INFOPLIST_FILE = DevChat/Info.plist;
				LD_RUNPATH_SEARCH_PATHS = "$(inherited) @executable_path/Frameworks";
				PRODUCT_BUNDLE_IDENTIFIER = com.Cuico.DevChat;
				PRODUCT_NAME = "$(TARGET_NAME)";
				SWIFT_OBJC_BRIDGING_HEADER = "DevChat/DevChat-Bridging-Header.h";
				SWIFT_OPTIMIZATION_LEVEL = "-Onone";
				SWIFT_VERSION = 3.0;
			};
			name = Debug;
		};
		D82EA32A1DD91BAC00F07762 /* Release */ = {
			isa = XCBuildConfiguration;
			baseConfigurationReference = D538CA0D8284CE9EAEFFA502 /* Pods-DevChat.release.xcconfig */;
			buildSettings = {
				ASSETCATALOG_COMPILER_APPICON_NAME = AppIcon;
				CLANG_ENABLE_MODULES = YES;
				DEVELOPMENT_TEAM = 5LCQX3CS6E;
				INFOPLIST_FILE = DevChat/Info.plist;
				LD_RUNPATH_SEARCH_PATHS = "$(inherited) @executable_path/Frameworks";
				PRODUCT_BUNDLE_IDENTIFIER = com.Cuico.DevChat;
				PRODUCT_NAME = "$(TARGET_NAME)";
				SWIFT_OBJC_BRIDGING_HEADER = "DevChat/DevChat-Bridging-Header.h";
				SWIFT_VERSION = 3.0;
			};
			name = Release;
		};
/* End XCBuildConfiguration section */

/* Begin XCConfigurationList section */
		D82EA3111DD91BAC00F07762 /* Build configuration list for PBXProject "DevChat" */ = {
			isa = XCConfigurationList;
			buildConfigurations = (
				D82EA3261DD91BAC00F07762 /* Debug */,
				D82EA3271DD91BAC00F07762 /* Release */,
			);
			defaultConfigurationIsVisible = 0;
			defaultConfigurationName = Release;
		};
		D82EA3281DD91BAC00F07762 /* Build configuration list for PBXNativeTarget "DevChat" */ = {
			isa = XCConfigurationList;
			buildConfigurations = (
				D82EA3291DD91BAC00F07762 /* Debug */,
				D82EA32A1DD91BAC00F07762 /* Release */,
			);
			defaultConfigurationIsVisible = 0;
			defaultConfigurationName = Release;
		};
/* End XCConfigurationList section */
	};
	rootObject = D82EA30E1DD91BAC00F07762 /* Project object */;
}
